github.com/cocoonlife/goflac v0.0.0-20170210142907-50ea06ed5a9d h1:utj98F6D5jVv2tHYMsYzM6Z5sG71/W12Ivkd/SnFiN0=
github.com/cocoonlife/goflac v0.0.0-20170210142907-50ea06ed5a9d/go.mod h1:swNVb00X8NOH/qeHuqnqiyfecAnWlThLX+NbH8r6yHw=
github.com/cryptix/wav v0.0.0-20180415113528-8bdace674401 h1:rZ+OHHkwlkYALTEd6AYXSL92K/SEc4fkz+TfweIwu6A=
github.com/cryptix/wav v0.0.0-20180415113528-8bdace674401/go.mod h1:knK8fd+KPlGGqSUWogv1DQzGTwnfUvAi0cIoWyOG7+U=
github.com/davecgh/go-spew v1.1.0 h1:ZDRjVQ15GmhC3fiQ8ni8+OwkZQO4DARzQgrnXU1Liz8=
github.com/davecgh/go-spew v1.1.0/go.mod h1:J7Y8YcW2NihsgmVo/mv3lAwl/skON4iLHjSsI+c5H38=
github.com/go-gl/gl v0.0.0-20190320180904-bf2b1f2f34d7 h1:SCYMcCJ89LjRGwEa0tRluNRiMjZHalQZrVrvTbPh+qw=
github.com/go-gl/gl v0.0.0-20190320180904-bf2b1f2f34d7/go.mod h1:482civXOzJJCPzJ4ZOX/pwvXBWSnzD4OKMdH4ClKGbk=
github.com/go-gl/glfw v0.0.0-20201108214237-06ea97f0c265 h1:y+9kl/LaBMwLfNwCg5BbnHIWBGKeYokXTSBhGnwWcB8=
github.com/go-gl/glfw v0.0.0-20201108214237-06ea97f0c265/go.mod h1:vR7hzQXu2zJy9AVAgeJqvqgH9Q5CA+iKCZ2gyEVpxRU=
github.com/padster/go-sound v0.0.0-20180914225443-0ccfc629d3a6 h1:lkOx18evRu0gaNasCffL92wvxyEKbiv/ZoiL7fZ8H9Q=
github.com/padster/go-sound v0.0.0-20180914225443-0ccfc629d3a6/go.mod h1:WkmdqJOqgu+CltT5tkhykPlbhPTFJ/eotdFG/IFcXlY=
github.com/pmezard/go-difflib v1.0.0 h1:4DBwDE0NGyQoBHbLQYPwSUPoCMWR5BEzIk/f1lZbAQM=
github.com/pmezard/go-difflib v1.0.0/go.mod h1:iKH77koFhYxTK1pcRnkKkqfTogsbg7gZNVY4sRDYZ/4=
github.com/stretchr/objx v0.1.0/go.mod h1:HFkY916IF+rwdDfMAkV7OtwuqBVzrE8GR6GFx+wExME=
github.com/stretchr/testify v1.6.1 h1:hDPOHmpOpP40lSULcqw7IrRb/u7w6RpDC9399XyoNd0=
github.com/stretchr/testify v1.6.1/go.mod h1:6Fq8oRcR53rry900zMqJjRRixrwX3KX962/h/Wwjteg=
github.com/xthexder/go-jack v0.0.0-20201026211055-5b07fb071116 h1:03B3T3Dx1V/ZgapsHWtiyUtd6fGLVYNE8G4EYWoluRE=
github.com/xthexder/go-jack v0.0.0-20201026211055-5b07fb071116/go.mod h1:0UTXja5DHE3Z5tqm0WxYwpsclGdma/82Vw1JszrfzOE=
gopkg.in/check.v1 v0.0.0-20161208181325-20d25e280405/go.mod h1:Co6ibVJAznAaIkqp8huTwlJQCZ016jof/cbN4VW5Yz0=
gopkg.in/yaml.v3 v3.0.0-20200313102051-9f266ea9e77c h1:dUUwHk2QECo/6vqA44rthZ8ie2QXMNeKRTHCNY2nXvo=
gopkg.in/yaml.v3 v3.0.0-20200313102051-9f266ea9e77c/go.mod h1:K4uyk7z7BCEPqu6E+C64Yfv1cQ7kz7rIZviUmN+EgEM=
